name: stocks-ml
channels:
  - conda-forge
  - defaults
dependencies:
  - _openmp_mutex=4.5
  - _python_abi3_support=1.0
  - annotated-doc=0.0.5
  - annotated-types=0.8.0
  - anyio=4.15.1
  - appdirs=1.4.4
  - appnope=1.0.0
  - argon2-cffi=25.1.0
  - argon2-cffi-bindings=26.1.0
  - arrow=1.4.0
  - asttokens=3.0.2
  - async-lru=2.3.0
  - attrs=26.1.0
  - babel=2.18.0
  - backports.zstd=1.7.0
  - beautifulsoup4=4.15.0
  - bleach=6.4.0
  - bleach-with-css=6.4.0
  - brotli=1.2.0
  - brotli-bin=1.2.0
  - brotli-python=1.2.0
  - bzip2=1.0.8
  - ca-certificates=2026.7.22
  - cairo=1.18.6
  - certifi=2026.7.22
  - cffi=2.1.1
  - charset-normalizer=3.5.1
  - click=8.5.0
  - cloudpickle=3.1.2
  - colorama=0.4.6
  - comm=0.2.3
  - contourpy=1.4.0
  - cpython=3.12.14
  - curl-cffi=0.15.0
  - cycler=0.12.1
  - debugpy=1.8.22
  - defusedxml=0.7.1
  - dnspython=2.8.0
  - email-validator=2.3.0
  - email_validator=2.3.0
  - executing=2.2.1
  - fastapi=0.141.1
  - fastapi-cli=0.0.32
  - fastapi-core=0.141.1
  - fastar=0.12.0
  - filelock=4.0.5
  - fmt=12.1.0
  - font-ttf-dejavu-sans-mono=2.37
  - font-ttf-inconsolata=3.000
  - font-ttf-source-code-pro=2.038
  - font-ttf-ubuntu=0.83
  - fontconfig=2.18.3
  - fonts-conda-ecosystem=1
  - fonts-conda-forge=1
  - fonttools=4.66.0
  - fqdn=1.6.0
  - freetype=2.14.3
  - fribidi=1.0.17
  - frozendict=2.4.7
  - fsspec=2026.9.0
  - gmp=6.3.0
  - gmpy2=2.3.1
  - graphite2=1.3.15
  - h11=0.16.0
  - h2=4.4.1
  - hpack=4.2.0
  - html5lib=1.1
  - httpcore=1.0.9
  - httptools=0.8.0
  - httpx=0.28.1
  - hyperframe=6.1.0
  - icu=78.3
  - idna=3.20
  - importlib-metadata=9.0.1
  - ipykernel=7.3.0
  - ipython=9.17.1
  - ipython_pygments_lexers=1.1.1
  - isoduration=20.11.0
  - jedi=0.20.0
  - jinja2=3.1.6
  - joblib=1.6.0
  - json5=0.15.0
  - jsonpointer=3.1.1
  - jsonschema=4.26.0
  - jsonschema-specifications=2025.9.1
  - jsonschema-with-format-nongpl=4.26.0
  - jupyter-builder=1.2.3
  - jupyter-lsp=2.3.1
  - jupyter_client=8.10.0
  - jupyter_core=5.9.1
  - jupyter_events=0.12.1
  - jupyter_server=2.21.1
  - jupyter_server_terminals=0.5.4
  - jupyterlab=4.6.4
  - jupyterlab_pygments=0.3.0
  - jupyterlab_server=2.28.1
  - kiwisolver=1.5.1
  - krb5=1.22.2
  - lark=1.3.1
  - lcms2=2.19.1
  - lerc=4.2.0
  - libabseil=20260526.0
  - libblas=3.11.0
  - libbrotlicommon=1.2.0
  - libbrotlidec=1.2.0
  - libbrotlienc=1.2.0
  - libcblas=3.11.0
  - libcxx=23.1.2
  - libdeflate=1.25
  - libedit=3.1.20250104
  - libexpat=2.8.5
  - libffi=3.7.0
  - libfreetype=2.14.3
  - libfreetype6=2.14.3
  - libgcc=16.2.0
  - libgfortran=16.2.0
  - libgfortran5=16.2.0
  - libglib=2.90.0
  - libharfbuzz=14.5.0
  - libiconv=1.18
  - libintl=0.25.1
  - libjpeg-turbo=3.2.0
  - liblapack=3.11.0
  - liblzma=5.8.3
  - libopenblas=0.3.34
  - libpng=1.6.58
  - libprotobuf=7.35.1
  - libpython=3.12.14
  - libraqm=0.11.0
  - libsodium=1.0.22
  - libsqlite=3.53.4
  - libtiff=4.7.2
  - libtorch=2.13.0
  - libuv=1.52.1
  - libwebp-base=1.6.0
  - libxcb=1.17.0
  - libxgboost=3.4.2
  - libxml2=2.15.4
  - libxml2-16=2.15.4
  - libxslt=1.1.45
  - libzlib=1.3.2
  - llvm-openmp=23.1.2
  - lxml=6.1.3
  - markdown-it-py=4.2.0
  - markupsafe=3.0.3
  - matplotlib=3.11.2
  - matplotlib-base=3.11.2
  - matplotlib-inline=0.2.2
  - mdurl=0.1.2
  - mistune=3.3.4
  - mpc=1.4.0
  - mpfr=4.2.2
  - mpmath=1.4.1
  - multitasking=0.0.13
  - munkres=1.1.4
  - narwhals=2.26.0
  - nbclient=0.11.0
  - nbconvert=7.17.1
  - nbconvert-core=7.17.1
  - nbconvert-pandoc=7.17.1
  - nbformat=5.11.1
  - ncurses=6.6
  - nest-asyncio2=1.7.3
  - networkx=3.7
  - nomkl=1.0
  - notebook-shim=0.2.4
  - numpy=2.5.3
  - onednn=3.12
  - openjpeg=2.5.4
  - openssl=3.6.4
  - optree=0.20.0
  - overrides=7.7.0
  - packaging=26.3
  - pandas=3.0.6
  - pandoc=3.11
  - pandocfilters=1.5.0
  - parso=0.8.7
  - pcre2=10.47
  - peewee=4.5.2
  - pexpect=4.9.0
  - pillow=12.3.0
  - pip=26.2.1
  - pixman=0.46.4
  - platformdirs=4.12.1
  - prometheus_client=0.26.0
  - prompt-toolkit=3.0.53
  - protobuf=7.35.1
  - psutil=7.2.2
  - pthread-stubs=0.4
  - ptyprocess=0.7.0
  - pure_eval=0.2.4
  - py-xgboost=3.4.2
  - pybind11=3.0.4
  - pybind11-abi=11
  - pybind11-global=3.0.4
  - pycparser=3.0
  - pydantic=2.13.5
  - pydantic-core=2.46.5
  - pydantic-extra-types=2.11.1
  - pydantic-settings=2.15.0
  - pygments=2.21.0
  - pyobjc-core=12.2.2
  - pyobjc-framework-cocoa=12.2.2
  - pyparsing=3.3.3
  - pysocks=1.7.1
  - python=3.12.14
  - python-abi3=3.12
  - python-dateutil=2.9.0.post0
  - python-dotenv=1.2.3
  - python-fastjsonschema=2.22.2
  - python-gil=3.12.14
  - python-json-logger=4.2.0
  - python-multipart=0.0.32
  - python-tzdata=2026.4
  - python_abi=3.12
  - pytorch=2.13.0
  - pytz=2026.4
  - pyyaml=6.0.3
  - pyzmq=27.2.0
  - qhull=2020.2
  - qrcode=8.2
  - readline=8.3
  - referencing=0.37.0
  - requests=2.34.2
  - rfc3339-validator=0.1.4
  - rfc3986-validator=0.1.1
  - rfc3987-syntax=1.1.0
  - rich=15.0.0
  - rich-toolkit=0.20.5
  - rpds-py=2026.6.3
  - scikit-learn=1.9.1
  - scipy=1.18.1
  - send2trash=2.1.0
  - setuptools=81.0.0
  - shellingham=1.5.4
  - six=1.17.0
  - sleef=3.9.0
  - sniffio=1.3.1
  - soupsieve=2.10
  - stack_data=0.6.3
  - starlette=1.7.0
  - sympy=1.14.0
  - terminado=0.18.1
  - threadpoolctl=3.7.0
  - tinycss2=1.4.0
  - tk=8.6.13
  - tomli=2.4.1
  - tornado=6.5.10
  - traitlets=5.16.1
  - typer=0.27.2
  - typing-extensions=4.16.0
  - typing-inspection=0.4.4
  - typing_extensions=4.16.0
  - typing_utils=0.1.0
  - tzdata=2026c
  - unicodedata2=18.0.0
  - uri-template=1.3.0
  - urllib3=2.8.0
  - uvicorn=0.54.0
  - uvicorn-standard=0.54.0
  - uvloop=0.22.1
  - watchfiles=1.3.0
  - wcwidth=0.9.1
  - webcolors=25.10.0
  - webencodings=0.5.1
  - websocket-client=1.9.2
  - websockets=17.1
  - wheel=0.48.0
  - xgboost=3.4.2
  - xorg-libxau=1.0.12
  - xorg-libxdmcp=1.1.5
  - yaml=0.2.5
  - yfinance=1.7.0
  - zeromq=4.3.5
  - zipp=4.1.0
  - zlib-ng=2.3.3
  - zstd=1.5.7
